
Microsoft Visual Studio Solution File, Format Version 12.00
# Visual Studio 2012
Project("{FAE04EC0-301F-11D3-BF4B-00C04F79EFBC}") = "EntryInformation", "EntryInformation\EntryInformation.csproj", "{F21C4D25-08E6-4AD3-AE0C-C39B3B969B93}"
EndProject
Project("{F088123C-0E9E-452A-89E6-6BA2F21D5CAC}") = "ModelingProject", "ModelingProject1\ModelingProject1\ModelingProject.modelproj", "{2C4529C7-CB4C-4711-8319-773E2025AF8C}"
EndProject
Project("{FAE04EC0-301F-11D3-BF4B-00C04F79EFBC}") = "ModelingSimulation", "ModelingProject1\ModelingProject1Lib\ModelingSimulation.csproj", "{4D44A026-D480-4D52-9E00-C7F1B50695F8}"
EndProject
Global
	GlobalSection(SolutionConfigurationPlatforms) = preSolution
		Debug|Any CPU = Debug|Any CPU
		Release|Any CPU = Release|Any CPU
	EndGlobalSection
	GlobalSection(ProjectConfigurationPlatforms) = postSolution
		{F21C4D25-08E6-4AD3-AE0C-C39B3B969B93}.Debug|Any CPU.ActiveCfg = Debug|Any CPU
		{F21C4D25-08E6-4AD3-AE0C-C39B3B969B93}.Debug|Any CPU.Build.0 = Debug|Any CPU
		{F21C4D25-08E6-4AD3-AE0C-C39B3B969B93}.Release|Any CPU.ActiveCfg = Release|Any CPU
		{F21C4D25-08E6-4AD3-AE0C-C39B3B969B93}.Release|Any CPU.Build.0 = Release|Any CPU
		{2C4529C7-CB4C-4711-8319-773E2025AF8C}.Debug|Any CPU.ActiveCfg = Debug|Any CPU
		{2C4529C7-CB4C-4711-8319-773E2025AF8C}.Debug|Any CPU.Build.0 = Debug|Any CPU
		{2C4529C7-CB4C-4711-8319-773E2025AF8C}.Release|Any CPU.ActiveCfg = Release|Any CPU
		{2C4529C7-CB4C-4711-8319-773E2025AF8C}.Release|Any CPU.Build.0 = Release|Any CPU
		{4D44A026-D480-4D52-9E00-C7F1B50695F8}.Debug|Any CPU.ActiveCfg = Debug|Any CPU
		{4D44A026-D480-4D52-9E00-C7F1B50695F8}.Debug|Any CPU.Build.0 = Debug|Any CPU
		{4D44A026-D480-4D52-9E00-C7F1B50695F8}.Release|Any CPU.ActiveCfg = Release|Any CPU
		{4D44A026-D480-4D52-9E00-C7F1B50695F8}.Release|Any CPU.Build.0 = Release|Any CPU
	EndGlobalSection
	GlobalSection(SolutionProperties) = preSolution
		HideSolutionNode = FALSE
	EndGlobalSection
EndGlobal
